
Microsoft Visual Studio Solution File, Format Version 12.00
# Visual Studio 15
VisualStudioVersion = 15.0.28307.438
MinimumVisualStudioVersion = 10.0.40219.1
Project("{FAE04EC0-301F-11D3-BF4B-00C04F79EFBC}") = "MarsDotNetCoreNunit", "MarsDotNetCoreNunit\MarsDotNetCoreNunit.csproj", "{D3FE43EE-7DB3-4B00-BAF5-DF85D1D95417}"
EndProject
Global
	GlobalSection(SolutionConfigurationPlatforms) = preSolution
		Debug|Any CPU = Debug|Any CPU
		Release|Any CPU = Release|Any CPU
	EndGlobalSection
	GlobalSection(ProjectConfigurationPlatforms) = postSolution
		{D3FE43EE-7DB3-4B00-BAF5-DF85D1D95417}.Debug|Any CPU.ActiveCfg = Debug|Any CPU
		{D3FE43EE-7DB3-4B00-BAF5-DF85D1D95417}.Debug|Any CPU.Build.0 = Debug|Any CPU
		{D3FE43EE-7DB3-4B00-BAF5-DF85D1D95417}.Release|Any CPU.ActiveCfg = Release|Any CPU
		{D3FE43EE-7DB3-4B00-BAF5-DF85D1D95417}.Release|Any CPU.Build.0 = Release|Any CPU
	EndGlobalSection
	GlobalSection(SolutionProperties) = preSolution
		HideSolutionNode = FALSE
	EndGlobalSection
	GlobalSection(ExtensibilityGlobals) = postSolution
		SolutionGuid = {5FE296F0-FAD2-4842-BE2A-B46BFE9F5448}
	EndGlobalSection
EndGlobal
